
Microsoft Visual Studio Solution File, Format Version 12.00
# Visual Studio Version 17
VisualStudioVersion = 17.11.35208.52
MinimumVisualStudioVersion = 10.0.40219.1
Project("{FAE04EC0-301F-11D3-BF4B-00C04F79EFBC}") = "DataAppMAUIGrupo03", "DataAppMAUIGrupo03\DataAppMAUIGrupo03.csproj", "{95C9F01F-01A3-4835-A535-0145DA502925}"
EndProject
Global
	GlobalSection(SolutionConfigurationPlatforms) = preSolution
		Debug|Any CPU = Debug|Any CPU
		Release|Any CPU = Release|Any CPU
	EndGlobalSection
	GlobalSection(ProjectConfigurationPlatforms) = postSolution
		{95C9F01F-01A3-4835-A535-0145DA502925}.Debug|Any CPU.ActiveCfg = Debug|Any CPU
		{95C9F01F-01A3-4835-A535-0145DA502925}.Debug|Any CPU.Build.0 = Debug|Any CPU
		{95C9F01F-01A3-4835-A535-0145DA502925}.Debug|Any CPU.Deploy.0 = Debug|Any CPU
		{95C9F01F-01A3-4835-A535-0145DA502925}.Release|Any CPU.ActiveCfg = Release|Any CPU
		{95C9F01F-01A3-4835-A535-0145DA502925}.Release|Any CPU.Build.0 = Release|Any CPU
		{95C9F01F-01A3-4835-A535-0145DA502925}.Release|Any CPU.Deploy.0 = Release|Any CPU
	EndGlobalSection
	GlobalSection(SolutionProperties) = preSolution
		HideSolutionNode = FALSE
	EndGlobalSection
	GlobalSection(ExtensibilityGlobals) = postSolution
		SolutionGuid = {7FC3E904-A8F8-46DD-9BE2-934C719F2D4C}
	EndGlobalSection
EndGlobal
